
Microsoft Visual Studio Solution File, Format Version 12.00
# Visual Studio Express 14 for Windows Desktop
VisualStudioVersion = 14.0.23107.0
MinimumVisualStudioVersion = 10.0.40219.1
Project("{F184B08F-C81C-45F6-A57F-5ABD9991F28F}") = "Ficha10VB", "Ficha10VB\Ficha10VB.vbproj", "{6A7876AD-E51F-420F-B5C1-48F311A3A59D}"
EndProject
Global
	GlobalSection(SolutionConfigurationPlatforms) = preSolution
		Debug|Any CPU = Debug|Any CPU
		Release|Any CPU = Release|Any CPU
	EndGlobalSection
	GlobalSection(ProjectConfigurationPlatforms) = postSolution
		{6A7876AD-E51F-420F-B5C1-48F311A3A59D}.Debug|Any CPU.ActiveCfg = Debug|Any CPU
		{6A7876AD-E51F-420F-B5C1-48F311A3A59D}.Debug|Any CPU.Build.0 = Debug|Any CPU
		{6A7876AD-E51F-420F-B5C1-48F311A3A59D}.Release|Any CPU.ActiveCfg = Release|Any CPU
		{6A7876AD-E51F-420F-B5C1-48F311A3A59D}.Release|Any CPU.Build.0 = Release|Any CPU
	EndGlobalSection
	GlobalSection(SolutionProperties) = preSolution
		HideSolutionNode = FALSE
	EndGlobalSection
EndGlobal
